github.com/hollis-labs/go-ssekit v0.2.0 h1:li4Oi6iR8EGw3gh9lY1OoYukQ40AVLU/Kp1T5RzdajM=
github.com/hollis-labs/go-ssekit v0.2.0/go.mod h1:0cbVtvNr1trN787jry9D2hbxtRo5EcsJfQRK0aOYOtM=
github.com/hollis-labs/go-streamhub v0.1.0 h1:UfbdmXiAy1LWsY6zf3YL6xjWzNOmEKRcA3rTbM6T1W4=
github.com/hollis-labs/go-streamhub v0.1.0/go.mod h1:GIogTSa+dFibsOx8W40O2ASGToC+Oe3rcjZHXiuWOQI=
